{
  "requires": true,
  "lockfileVersion": 1,
  "dependencies": {
    "@darkdram/platforms": {
      "version": "1.0.0",
      "resolved": "https://npm.pkg.github.com/download/@darkdram/platforms/1.0.0/60f789dab5aedc2a748cb2ca4286a99d77c850886a72efd4d46f05bf7eab1a92",
      "integrity": "sha512-kdiiBQHMrBW61jlwPZqezIyk4O0AjxK00Q00IdExJPmK85PiLIVu56asZa8dpCljNJtY7G3OixM7gyOz6FTOsw=="
    }
  }
}
